// !$*UTF8*$!
{
	archiveVersion = 1;
	classes = {
	};
	objectVersion = 55;
	objects = {

/* Begin PBXBuildFile section */
		B579A6E0284E04B10047923D /* AppDelegate.swift in Sources */ = {isa = PBXBuildFile; fileRef = B579A6DF284E04B10047923D /* AppDelegate.swift */; };
		B579A6E2284E04B10047923D /* SceneDelegate.swift in Sources */ = {isa = PBXBuildFile; fileRef = B579A6E1284E04B10047923D /* SceneDelegate.swift */; };
		B579A6E4284E04B10047923D /* MainTabBarController.swift in Sources */ = {isa = PBXBuildFile; fileRef = B579A6E3284E04B10047923D /* MainTabBarController.swift */; };
		B579A6E9284E04B40047923D /* Assets.xcassets in Resources */ = {isa = PBXBuildFile; fileRef = B579A6E8284E04B40047923D /* Assets.xcassets */; };
		B579A6EC284E04B40047923D /* LaunchScreen.storyboard in Resources */ = {isa = PBXBuildFile; fileRef = B579A6EA284E04B40047923D /* LaunchScreen.storyboard */; };
		B579A6F7284E0A940047923D /* ScheduleVC.swift in Sources */ = {isa = PBXBuildFile; fileRef = B579A6F6284E0A940047923D /* ScheduleVC.swift */; };
		B579A6F9284E0AAA0047923D /* TasksVC.swift in Sources */ = {isa = PBXBuildFile; fileRef = B579A6F8284E0AAA0047923D /* TasksVC.swift */; };
		B579A6FB284E0ABE0047923D /* ContactsViewController.swift in Sources */ = {isa = PBXBuildFile; fileRef = B579A6FA284E0ABE0047923D /* ContactsViewController.swift */; };
		B5B776F02850735B00B2C137 /* UILabel + Extension.swift in Sources */ = {isa = PBXBuildFile; fileRef = B5B776EF2850735B00B2C137 /* UILabel + Extension.swift */; };
		B5B776F2285077D200B2C137 /* UIFont + Extension .swift in Sources */ = {isa = PBXBuildFile; fileRef = B5B776F1285077D200B2C137 /* UIFont + Extension .swift */; };
		B5B776F42850814500B2C137 /* TasksTableViewCell.swift in Sources */ = {isa = PBXBuildFile; fileRef = B5B776F32850814500B2C137 /* TasksTableViewCell.swift */; };
		B5CE20A128545D07005B263D /* ContactOptionTableViewController .swift in Sources */ = {isa = PBXBuildFile; fileRef = B5CE20A028545D07005B263D /* ContactOptionTableViewController .swift */; };
		B5CE20A3285468FD005B263D /* AlertFriendOrTeacher.swift in Sources */ = {isa = PBXBuildFile; fileRef = B5CE20A2285468FD005B263D /* AlertFriendOrTeacher.swift */; };
		B5CE20A528547229005B263D /* PhotoCameraAlert.swift in Sources */ = {isa = PBXBuildFile; fileRef = B5CE20A428547229005B263D /* PhotoCameraAlert.swift */; };
		B5CE20A8285478BF005B263D /* Realm in Frameworks */ = {isa = PBXBuildFile; productRef = B5CE20A7285478BF005B263D /* Realm */; };
		B5CE20AA285478BF005B263D /* RealmSwift in Frameworks */ = {isa = PBXBuildFile; productRef = B5CE20A9285478BF005B263D /* RealmSwift */; };
		B5CE20AC285479A3005B263D /* ScheduleModel.swift in Sources */ = {isa = PBXBuildFile; fileRef = B5CE20AB285479A3005B263D /* ScheduleModel.swift */; };
		B5CE20AF28547DE9005B263D /* StorageManager.swift in Sources */ = {isa = PBXBuildFile; fileRef = B5CE20AE28547DE9005B263D /* StorageManager.swift */; };
		B5CE20B42855BBA8005B263D /* UIColor + Extension .swift in Sources */ = {isa = PBXBuildFile; fileRef = B5CE20B32855BBA7005B263D /* UIColor + Extension .swift */; };
		B5CE20B62855C6B9005B263D /* AlertOK.swift in Sources */ = {isa = PBXBuildFile; fileRef = B5CE20B52855C6B9005B263D /* AlertOK.swift */; };
		B5D9CB102859AEA400028684 /* ContactModel.swift in Sources */ = {isa = PBXBuildFile; fileRef = B5D9CB0F2859AEA400028684 /* ContactModel.swift */; };
		B5DCAD2B2851B14D00A49B29 /* Protocol .swift in Sources */ = {isa = PBXBuildFile; fileRef = B5DCAD2A2851B14D00A49B29 /* Protocol .swift */; };
		B5DCAD2E2851B51200A49B29 /* ScheduleOptionsTableViewController.swift in Sources */ = {isa = PBXBuildFile; fileRef = B5DCAD2D2851B51200A49B29 /* ScheduleOptionsTableViewController.swift */; };
		B5DCAD322851B93300A49B29 /* OptionsTableViewCell.swift in Sources */ = {isa = PBXBuildFile; fileRef = B5DCAD312851B93300A49B29 /* OptionsTableViewCell.swift */; };
		B5DCAD342851BF5D00A49B29 /* HeaderOptionsTableViewCell.swift in Sources */ = {isa = PBXBuildFile; fileRef = B5DCAD332851BF5D00A49B29 /* HeaderOptionsTableViewCell.swift */; };
		B5DCAD362851D0F000A49B29 /* AlertDate.swift in Sources */ = {isa = PBXBuildFile; fileRef = B5DCAD352851D0F000A49B29 /* AlertDate.swift */; };
		B5DCAD382851D85E00A49B29 /* AlertTime.swift in Sources */ = {isa = PBXBuildFile; fileRef = B5DCAD372851D85E00A49B29 /* AlertTime.swift */; };
		B5DCAD3C2851DAE000A49B29 /* AlertForCellName.swift in Sources */ = {isa = PBXBuildFile; fileRef = B5DCAD3B2851DAE000A49B29 /* AlertForCellName.swift */; };
		B5E4CDCD28574580004B5E29 /* TaskModel.swift in Sources */ = {isa = PBXBuildFile; fileRef = B5E4CDCC28574580004B5E29 /* TaskModel.swift */; };
		B5E8456E285343A4001F1900 /* ScheduleColorVC.swift in Sources */ = {isa = PBXBuildFile; fileRef = B5E8456D285343A4001F1900 /* ScheduleColorVC.swift */; };
		B5E84570285343D8001F1900 /* TeachersTableViewController.swift in Sources */ = {isa = PBXBuildFile; fileRef = B5E8456F285343D8001F1900 /* TeachersTableViewController.swift */; };
		B5E8457428534C0D001F1900 /* ColorTableViewCell.swift in Sources */ = {isa = PBXBuildFile; fileRef = B5E8457328534C0D001F1900 /* ColorTableViewCell.swift */; };
		B5E8457628535223001F1900 /* OptionalTaskTableViewController.swift in Sources */ = {isa = PBXBuildFile; fileRef = B5E8457528535223001F1900 /* OptionalTaskTableViewController.swift */; };
		B5E8457A28535A0E001F1900 /* TaskColorTableVC.swift in Sources */ = {isa = PBXBuildFile; fileRef = B5E8457928535A0E001F1900 /* TaskColorTableVC.swift */; };
		B5E8457D28536ABA001F1900 /* ContactsTableViewCell.swift in Sources */ = {isa = PBXBuildFile; fileRef = B5E8457C28536ABA001F1900 /* ContactsTableViewCell.swift */; };
		B5F4FAF5284F4DD1000E4355 /* ScheduleTableViewCell.swift in Sources */ = {isa = PBXBuildFile; fileRef = B5F4FAF4284F4DD1000E4355 /* ScheduleTableViewCell.swift */; };
		B5F4FAFA284F69B8000E4355 /* UIStackView + Extension.swift in Sources */ = {isa = PBXBuildFile; fileRef = B5F4FAF9284F69B8000E4355 /* UIStackView + Extension.swift */; };
		F24A4DB26EDE7366EBB8B905 /* Pods_MySchedule.framework in Frameworks */ = {isa = PBXBuildFile; fileRef = 53E641A9D6905DDD79CDF36F /* Pods_MySchedule.framework */; };
/* End PBXBuildFile section */

/* Begin PBXFileReference section */
		53E641A9D6905DDD79CDF36F /* Pods_MySchedule.framework */ = {isa = PBXFileReference; explicitFileType = wrapper.framework; includeInIndex = 0; path = Pods_MySchedule.framework; sourceTree = BUILT_PRODUCTS_DIR; };
		5ECE15FAF5F6FB7C441353A1 /* Pods-MySchedule.release.xcconfig */ = {isa = PBXFileReference; includeInIndex = 1; lastKnownFileType = text.xcconfig; name = "Pods-MySchedule.release.xcconfig"; path = "Target Support Files/Pods-MySchedule/Pods-MySchedule.release.xcconfig"; sourceTree = "<group>"; };
		838D7E6AC7497E2E8B4AFB1A /* Pods-MySchedule.debug.xcconfig */ = {isa = PBXFileReference; includeInIndex = 1; lastKnownFileType = text.xcconfig; name = "Pods-MySchedule.debug.xcconfig"; path = "Target Support Files/Pods-MySchedule/Pods-MySchedule.debug.xcconfig"; sourceTree = "<group>"; };
		B579A6DC284E04B10047923D /* MySchedule.app */ = {isa = PBXFileReference; explicitFileType = wrapper.application; includeInIndex = 0; path = MySchedule.app; sourceTree = BUILT_PRODUCTS_DIR; };
		B579A6DF284E04B10047923D /* AppDelegate.swift */ = {isa = PBXFileReference; lastKnownFileType = sourcecode.swift; path = AppDelegate.swift; sourceTree = "<group>"; };
		B579A6E1284E04B10047923D /* SceneDelegate.swift */ = {isa = PBXFileReference; lastKnownFileType = sourcecode.swift; path = SceneDelegate.swift; sourceTree = "<group>"; };
		B579A6E3284E04B10047923D /* MainTabBarController.swift */ = {isa = PBXFileReference; lastKnownFileType = sourcecode.swift; path = MainTabBarController.swift; sourceTree = "<group>"; };
		B579A6E8284E04B40047923D /* Assets.xcassets */ = {isa = PBXFileReference; lastKnownFileType = folder.assetcatalog; path = Assets.xcassets; sourceTree = "<group>"; };
		B579A6EB284E04B40047923D /* Base */ = {isa = PBXFileReference; lastKnownFileType = file.storyboard; name = Base; path = Base.lproj/LaunchScreen.storyboard; sourceTree = "<group>"; };
		B579A6ED284E04B40047923D /* Info.plist */ = {isa = PBXFileReference; lastKnownFileType = text.plist.xml; path = Info.plist; sourceTree = "<group>"; };
		B579A6F6284E0A940047923D /* ScheduleVC.swift */ = {isa = PBXFileReference; lastKnownFileType = sourcecode.swift; path = ScheduleVC.swift; sourceTree = "<group>"; };
		B579A6F8284E0AAA0047923D /* TasksVC.swift */ = {isa = PBXFileReference; lastKnownFileType = sourcecode.swift; path = TasksVC.swift; sourceTree = "<group>"; };
		B579A6FA284E0ABE0047923D /* ContactsViewController.swift */ = {isa = PBXFileReference; lastKnownFileType = sourcecode.swift; path = ContactsViewController.swift; sourceTree = "<group>"; };
		B5B776EF2850735B00B2C137 /* UILabel + Extension.swift */ = {isa = PBXFileReference; lastKnownFileType = sourcecode.swift; path = "UILabel + Extension.swift"; sourceTree = "<group>"; };
		B5B776F1285077D200B2C137 /* UIFont + Extension .swift */ = {isa = PBXFileReference; lastKnownFileType = sourcecode.swift; path = "UIFont + Extension .swift"; sourceTree = "<group>"; };
		B5B776F32850814500B2C137 /* TasksTableViewCell.swift */ = {isa = PBXFileReference; lastKnownFileType = sourcecode.swift; path = TasksTableViewCell.swift; sourceTree = "<group>"; };
		B5CE20A028545D07005B263D /* ContactOptionTableViewController .swift */ = {isa = PBXFileReference; lastKnownFileType = sourcecode.swift; path = "ContactOptionTableViewController .swift"; sourceTree = "<group>"; };
		B5CE20A2285468FD005B263D /* AlertFriendOrTeacher.swift */ = {isa = PBXFileReference; lastKnownFileType = sourcecode.swift; path = AlertFriendOrTeacher.swift; sourceTree = "<group>"; };
		B5CE20A428547229005B263D /* PhotoCameraAlert.swift */ = {isa = PBXFileReference; lastKnownFileType = sourcecode.swift; path = PhotoCameraAlert.swift; sourceTree = "<group>"; };
		B5CE20AB285479A3005B263D /* ScheduleModel.swift */ = {isa = PBXFileReference; lastKnownFileType = sourcecode.swift; path = ScheduleModel.swift; sourceTree = "<group>"; };
		B5CE20AE28547DE9005B263D /* StorageManager.swift */ = {isa = PBXFileReference; lastKnownFileType = sourcecode.swift; path = StorageManager.swift; sourceTree = "<group>"; };
		B5CE20B32855BBA7005B263D /* UIColor + Extension .swift */ = {isa = PBXFileReference; lastKnownFileType = sourcecode.swift; path = "UIColor + Extension .swift"; sourceTree = "<group>"; };
		B5CE20B52855C6B9005B263D /* AlertOK.swift */ = {isa = PBXFileReference; lastKnownFileType = sourcecode.swift; path = AlertOK.swift; sourceTree = "<group>"; };
		B5D9CB0F2859AEA400028684 /* ContactModel.swift */ = {isa = PBXFileReference; lastKnownFileType = sourcecode.swift; path = ContactModel.swift; sourceTree = "<group>"; };
		B5DCAD2A2851B14D00A49B29 /* Protocol .swift */ = {isa = PBXFileReference; lastKnownFileType = sourcecode.swift; path = "Protocol .swift"; sourceTree = "<group>"; };
		B5DCAD2D2851B51200A49B29 /* ScheduleOptionsTableViewController.swift */ = {isa = PBXFileReference; lastKnownFileType = sourcecode.swift; path = ScheduleOptionsTableViewController.swift; sourceTree = "<group>"; };
		B5DCAD312851B93300A49B29 /* OptionsTableViewCell.swift */ = {isa = PBXFileReference; lastKnownFileType = sourcecode.swift; path = OptionsTableViewCell.swift; sourceTree = "<group>"; };
		B5DCAD332851BF5D00A49B29 /* HeaderOptionsTableViewCell.swift */ = {isa = PBXFileReference; lastKnownFileType = sourcecode.swift; path = HeaderOptionsTableViewCell.swift; sourceTree = "<group>"; };
		B5DCAD352851D0F000A49B29 /* AlertDate.swift */ = {isa = PBXFileReference; lastKnownFileType = sourcecode.swift; path = AlertDate.swift; sourceTree = "<group>"; };
		B5DCAD372851D85E00A49B29 /* AlertTime.swift */ = {isa = PBXFileReference; lastKnownFileType = sourcecode.swift; path = AlertTime.swift; sourceTree = "<group>"; };
		B5DCAD3B2851DAE000A49B29 /* AlertForCellName.swift */ = {isa = PBXFileReference; lastKnownFileType = sourcecode.swift; path = AlertForCellName.swift; sourceTree = "<group>"; };
		B5E4CDCC28574580004B5E29 /* TaskModel.swift */ = {isa = PBXFileReference; lastKnownFileType = sourcecode.swift; path = TaskModel.swift; sourceTree = "<group>"; };
		B5E8456D285343A4001F1900 /* ScheduleColorVC.swift */ = {isa = PBXFileReference; lastKnownFileType = sourcecode.swift; path = ScheduleColorVC.swift; sourceTree = "<group>"; };
		B5E8456F285343D8001F1900 /* TeachersTableViewController.swift */ = {isa = PBXFileReference; lastKnownFileType = sourcecode.swift; path = TeachersTableViewController.swift; sourceTree = "<group>"; };
		B5E8457328534C0D001F1900 /* ColorTableViewCell.swift */ = {isa = PBXFileReference; lastKnownFileType = sourcecode.swift; path = ColorTableViewCell.swift; sourceTree = "<group>"; };
		B5E8457528535223001F1900 /* OptionalTaskTableViewController.swift */ = {isa = PBXFileReference; lastKnownFileType = sourcecode.swift; name = OptionalTaskTableViewController.swift; path = MySchedule/ViewControllers/Tasks/OptionalTaskTableViewController.swift; sourceTree = SOURCE_ROOT; };
		B5E8457928535A0E001F1900 /* TaskColorTableVC.swift */ = {isa = PBXFileReference; lastKnownFileType = sourcecode.swift; path = TaskColorTableVC.swift; sourceTree = "<group>"; };
		B5E8457C28536ABA001F1900 /* ContactsTableViewCell.swift */ = {isa = PBXFileReference; lastKnownFileType = sourcecode.swift; path = ContactsTableViewCell.swift; sourceTree = "<group>"; };
		B5F4FAF4284F4DD1000E4355 /* ScheduleTableViewCell.swift */ = {isa = PBXFileReference; lastKnownFileType = sourcecode.swift; path = ScheduleTableViewCell.swift; sourceTree = "<group>"; };
		B5F4FAF9284F69B8000E4355 /* UIStackView + Extension.swift */ = {isa = PBXFileReference; lastKnownFileType = sourcecode.swift; path = "UIStackView + Extension.swift"; sourceTree = "<group>"; };
/* End PBXFileReference section */

/* Begin PBXFrameworksBuildPhase section */
		B579A6D9284E04B10047923D /* Frameworks */ = {
			isa = PBXFrameworksBuildPhase;
			buildActionMask = 2147483647;
			files = (
				B5CE20AA285478BF005B263D /* RealmSwift in Frameworks */,
				B5CE20A8285478BF005B263D /* Realm in Frameworks */,
				F24A4DB26EDE7366EBB8B905 /* Pods_MySchedule.framework in Frameworks */,
			);
			runOnlyForDeploymentPostprocessing = 0;
		};
/* End PBXFrameworksBuildPhase section */

/* Begin PBXGroup section */
		8CCB350DBCBA74FDF2546322 /* Frameworks */ = {
			isa = PBXGroup;
			children = (
				53E641A9D6905DDD79CDF36F /* Pods_MySchedule.framework */,
			);
			name = Frameworks;
			sourceTree = "<group>";
		};
		B579A6D3284E04B10047923D = {
			isa = PBXGroup;
			children = (
				B579A6DE284E04B10047923D /* MySchedule */,
				B579A6DD284E04B10047923D /* Products */,
				FBB9F6F3C6A038997754FC8C /* Pods */,
				8CCB350DBCBA74FDF2546322 /* Frameworks */,
			);
			sourceTree = "<group>";
		};
		B579A6DD284E04B10047923D /* Products */ = {
			isa = PBXGroup;
			children = (
				B579A6DC284E04B10047923D /* MySchedule.app */,
			);
			name = Products;
			sourceTree = "<group>";
		};
		B579A6DE284E04B10047923D /* MySchedule */ = {
			isa = PBXGroup;
			children = (
				B5CE20AD28547DB3005B263D /* Services */,
				B5DCAD2C2851B1E100A49B29 /* Model */,
				B579A6F4284E06770047923D /* ViewControllers */,
				B5F4FAF8284F6944000E4355 /* Extension */,
				B579A6F5284E069F0047923D /* Resources */,
				B5DCAD292851B0FD00A49B29 /* Protocols */,
				B579A6F3284E065A0047923D /* App */,
			);
			path = MySchedule;
			sourceTree = "<group>";
		};
		B579A6F3284E065A0047923D /* App */ = {
			isa = PBXGroup;
			children = (
				B579A6DF284E04B10047923D /* AppDelegate.swift */,
				B579A6E1284E04B10047923D /* SceneDelegate.swift */,
			);
			path = App;
			sourceTree = "<group>";
		};
		B579A6F4284E06770047923D /* ViewControllers */ = {
			isa = PBXGroup;
			children = (
				B5F4FAFD284F728A000E4355 /* MainTabBar */,
				B5F4FAF6284F4DDD000E4355 /* Schedule */,
				B5F4FAFB284F726A000E4355 /* Tasks */,
				B5F4FAFC284F727C000E4355 /* Contacts */,
			);
			path = ViewControllers;
			sourceTree = "<group>";
		};
		B579A6F5284E069F0047923D /* Resources */ = {
			isa = PBXGroup;
			children = (
				B579A6E8284E04B40047923D /* Assets.xcassets */,
				B579A6EA284E04B40047923D /* LaunchScreen.storyboard */,
				B579A6ED284E04B40047923D /* Info.plist */,
			);
			path = Resources;
			sourceTree = "<group>";
		};
		B5B776F52850814D00B2C137 /* TasksCell */ = {
			isa = PBXGroup;
			children = (
				B5B776F32850814500B2C137 /* TasksTableViewCell.swift */,
			);
			path = TasksCell;
			sourceTree = "<group>";
		};
		B5CE20AD28547DB3005B263D /* Services */ = {
			isa = PBXGroup;
			children = (
				B5CE20AE28547DE9005B263D /* StorageManager.swift */,
			);
			path = Services;
			sourceTree = "<group>";
		};
		B5DCAD292851B0FD00A49B29 /* Protocols */ = {
			isa = PBXGroup;
			children = (
				B5DCAD2A2851B14D00A49B29 /* Protocol .swift */,
			);
			path = Protocols;
			sourceTree = "<group>";
		};
		B5DCAD2C2851B1E100A49B29 /* Model */ = {
			isa = PBXGroup;
			children = (
				B5CE20AB285479A3005B263D /* ScheduleModel.swift */,
				B5E4CDCC28574580004B5E29 /* TaskModel.swift */,
				B5D9CB0F2859AEA400028684 /* ContactModel.swift */,
			);
			path = Model;
			sourceTree = "<group>";
		};
		B5DCAD2F2851B51800A49B29 /* OptionsScheduleVC */ = {
			isa = PBXGroup;
			children = (
				B5DCAD2D2851B51200A49B29 /* ScheduleOptionsTableViewController.swift */,
				B5E8456C28534340001F1900 /* Teachers */,
				B5E8457128534BBF001F1900 /* ScheduleColor */,
				B5DCAD302851B90400A49B29 /* OptionsScheduleCell */,
			);
			name = OptionsScheduleVC;
			path = ..;
			sourceTree = "<group>";
		};
		B5DCAD302851B90400A49B29 /* OptionsScheduleCell */ = {
			isa = PBXGroup;
			children = (
				B5DCAD312851B93300A49B29 /* OptionsTableViewCell.swift */,
				B5DCAD332851BF5D00A49B29 /* HeaderOptionsTableViewCell.swift */,
			);
			name = OptionsScheduleCell;
			sourceTree = "<group>";
		};
		B5DCAD392851DAA000A49B29 /* UIKit */ = {
			isa = PBXGroup;
			children = (
				B5F4FAF9284F69B8000E4355 /* UIStackView + Extension.swift */,
				B5B776EF2850735B00B2C137 /* UILabel + Extension.swift */,
				B5B776F1285077D200B2C137 /* UIFont + Extension .swift */,
				B5CE20B32855BBA7005B263D /* UIColor + Extension .swift */,
			);
			path = UIKit;
			sourceTree = "<group>";
		};
		B5DCAD3A2851DAB200A49B29 /* AlertController */ = {
			isa = PBXGroup;
			children = (
				B5DCAD352851D0F000A49B29 /* AlertDate.swift */,
				B5DCAD372851D85E00A49B29 /* AlertTime.swift */,
				B5DCAD3B2851DAE000A49B29 /* AlertForCellName.swift */,
				B5CE20A2285468FD005B263D /* AlertFriendOrTeacher.swift */,
				B5CE20A428547229005B263D /* PhotoCameraAlert.swift */,
				B5CE20B52855C6B9005B263D /* AlertOK.swift */,
			);
			path = AlertController;
			sourceTree = "<group>";
		};
		B5E8456C28534340001F1900 /* Teachers */ = {
			isa = PBXGroup;
			children = (
				B5E8456F285343D8001F1900 /* TeachersTableViewController.swift */,
			);
			path = Teachers;
			sourceTree = "<group>";
		};
		B5E8457128534BBF001F1900 /* ScheduleColor */ = {
			isa = PBXGroup;
			children = (
				B5E8456D285343A4001F1900 /* ScheduleColorVC.swift */,
				B5E8457228534BD6001F1900 /* ScheduleColorCell */,
			);
			path = ScheduleColor;
			sourceTree = "<group>";
		};
		B5E8457228534BD6001F1900 /* ScheduleColorCell */ = {
			isa = PBXGroup;
			children = (
				B5E8457328534C0D001F1900 /* ColorTableViewCell.swift */,
			);
			path = ScheduleColorCell;
			sourceTree = "<group>";
		};
		B5E8457B28536A96001F1900 /* ContactsCell */ = {
			isa = PBXGroup;
			children = (
				B5E8457C28536ABA001F1900 /* ContactsTableViewCell.swift */,
			);
			path = ContactsCell;
			sourceTree = "<group>";
		};
		B5F4FAF6284F4DDD000E4355 /* Schedule */ = {
			isa = PBXGroup;
			children = (
				B579A6F6284E0A940047923D /* ScheduleVC.swift */,
				B5DCAD2F2851B51800A49B29 /* OptionsScheduleVC */,
				B5F4FAF7284F4E0C000E4355 /* ScheduleCell */,
			);
			path = Schedule;
			sourceTree = "<group>";
		};
		B5F4FAF7284F4E0C000E4355 /* ScheduleCell */ = {
			isa = PBXGroup;
			children = (
				B5F4FAF4284F4DD1000E4355 /* ScheduleTableViewCell.swift */,
			);
			path = ScheduleCell;
			sourceTree = "<group>";
		};
		B5F4FAF8284F6944000E4355 /* Extension */ = {
			isa = PBXGroup;
			children = (
				B5DCAD392851DAA000A49B29 /* UIKit */,
				B5DCAD3A2851DAB200A49B29 /* AlertController */,
			);
			path = Extension;
			sourceTree = "<group>";
		};
		B5F4FAFB284F726A000E4355 /* Tasks */ = {
			isa = PBXGroup;
			children = (
				B579A6F8284E0AAA0047923D /* TasksVC.swift */,
				B5E8457528535223001F1900 /* OptionalTaskTableViewController.swift */,
				B5E8457928535A0E001F1900 /* TaskColorTableVC.swift */,
				B5B776F52850814D00B2C137 /* TasksCell */,
			);
			path = Tasks;
			sourceTree = "<group>";
		};
		B5F4FAFC284F727C000E4355 /* Contacts */ = {
			isa = PBXGroup;
			children = (
				B579A6FA284E0ABE0047923D /* ContactsViewController.swift */,
				B5CE20A028545D07005B263D /* ContactOptionTableViewController .swift */,
				B5E8457B28536A96001F1900 /* ContactsCell */,
			);
			path = Contacts;
			sourceTree = "<group>";
		};
		B5F4FAFD284F728A000E4355 /* MainTabBar */ = {
			isa = PBXGroup;
			children = (
				B579A6E3284E04B10047923D /* MainTabBarController.swift */,
			);
			path = MainTabBar;
			sourceTree = "<group>";
		};
		FBB9F6F3C6A038997754FC8C /* Pods */ = {
			isa = PBXGroup;
			children = (
				838D7E6AC7497E2E8B4AFB1A /* Pods-MySchedule.debug.xcconfig */,
				5ECE15FAF5F6FB7C441353A1 /* Pods-MySchedule.release.xcconfig */,
			);
			path = Pods;
			sourceTree = "<group>";
		};
/* End PBXGroup section */

/* Begin PBXNativeTarget section */
		B579A6DB284E04B10047923D /* MySchedule */ = {
			isa = PBXNativeTarget;
			buildConfigurationList = B579A6F0284E04B40047923D /* Build configuration list for PBXNativeTarget "MySchedule" */;
			buildPhases = (
				A6F1B512271DCBB95DBCD048 /* [CP] Check Pods Manifest.lock */,
				B579A6D8284E04B10047923D /* Sources */,
				B579A6D9284E04B10047923D /* Frameworks */,
				B579A6DA284E04B10047923D /* Resources */,
				5EB785F743F18862D54DCB45 /* [CP] Embed Pods Frameworks */,
			);
			buildRules = (
			);
			dependencies = (
			);
			name = MySchedule;
			packageProductDependencies = (
				B5CE20A7285478BF005B263D /* Realm */,
				B5CE20A9285478BF005B263D /* RealmSwift */,
			);
			productName = MySchedule;
			productReference = B579A6DC284E04B10047923D /* MySchedule.app */;
			productType = "com.apple.product-type.application";
		};
/* End PBXNativeTarget section */

/* Begin PBXProject section */
		B579A6D4284E04B10047923D /* Project object */ = {
			isa = PBXProject;
			attributes = {
				BuildIndependentTargetsInParallel = 1;
				LastSwiftUpdateCheck = 1320;
				LastUpgradeCheck = 1320;
				TargetAttributes = {
					B579A6DB284E04B10047923D = {
						CreatedOnToolsVersion = 13.2.1;
					};
				};
			};
			buildConfigurationList = B579A6D7284E04B10047923D /* Build configuration list for PBXProject "MySchedule" */;
			compatibilityVersion = "Xcode 13.0";
			developmentRegion = en;
			hasScannedForEncodings = 0;
			knownRegions = (
				en,
				Base,
			);
			mainGroup = B579A6D3284E04B10047923D;
			packageReferences = (
				B5CE20A6285478BF005B263D /* XCRemoteSwiftPackageReference "realm-swift" */,
			);
			productRefGroup = B579A6DD284E04B10047923D /* Products */;
			projectDirPath = "";
			projectRoot = "";
			targets = (
				B579A6DB284E04B10047923D /* MySchedule */,
			);
		};
/* End PBXProject section */

/* Begin PBXResourcesBuildPhase section */
		B579A6DA284E04B10047923D /* Resources */ = {
			isa = PBXResourcesBuildPhase;
			buildActionMask = 2147483647;
			files = (
				B579A6EC284E04B40047923D /* LaunchScreen.storyboard in Resources */,
				B579A6E9284E04B40047923D /* Assets.xcassets in Resources */,
			);
			runOnlyForDeploymentPostprocessing = 0;
		};
/* End PBXResourcesBuildPhase section */

/* Begin PBXShellScriptBuildPhase section */
		5EB785F743F18862D54DCB45 /* [CP] Embed Pods Frameworks */ = {
			isa = PBXShellScriptBuildPhase;
			buildActionMask = 2147483647;
			files = (
			);
			inputFileListPaths = (
				"${PODS_ROOT}/Target Support Files/Pods-MySchedule/Pods-MySchedule-frameworks-${CONFIGURATION}-input-files.xcfilelist",
			);
			name = "[CP] Embed Pods Frameworks";
			outputFileListPaths = (
				"${PODS_ROOT}/Target Support Files/Pods-MySchedule/Pods-MySchedule-frameworks-${CONFIGURATION}-output-files.xcfilelist",
			);
			runOnlyForDeploymentPostprocessing = 0;
			shellPath = /bin/sh;
			shellScript = "\"${PODS_ROOT}/Target Support Files/Pods-MySchedule/Pods-MySchedule-frameworks.sh\"\n";
			showEnvVarsInLog = 0;
		};
		A6F1B512271DCBB95DBCD048 /* [CP] Check Pods Manifest.lock */ = {
			isa = PBXShellScriptBuildPhase;
			buildActionMask = 2147483647;
			files = (
			);
			inputFileListPaths = (
			);
			inputPaths = (
				"${PODS_PODFILE_DIR_PATH}/Podfile.lock",
				"${PODS_ROOT}/Manifest.lock",
			);
			name = "[CP] Check Pods Manifest.lock";
			outputFileListPaths = (
			);
			outputPaths = (
				"$(DERIVED_FILE_DIR)/Pods-MySchedule-checkManifestLockResult.txt",
			);
			runOnlyForDeploymentPostprocessing = 0;
			shellPath = /bin/sh;
			shellScript = "diff \"${PODS_PODFILE_DIR_PATH}/Podfile.lock\" \"${PODS_ROOT}/Manifest.lock\" > /dev/null\nif [ $? != 0 ] ; then\n    # print error to STDERR\n    echo \"error: The sandbox is not in sync with the Podfile.lock. Run 'pod install' or update your CocoaPods installation.\" >&2\n    exit 1\nfi\n# This output is used by Xcode 'outputs' to avoid re-running this script phase.\necho \"SUCCESS\" > \"${SCRIPT_OUTPUT_FILE_0}\"\n";
			showEnvVarsInLog = 0;
		};
/* End PBXShellScriptBuildPhase section */

/* Begin PBXSourcesBuildPhase section */
		B579A6D8284E04B10047923D /* Sources */ = {
			isa = PBXSourcesBuildPhase;
			buildActionMask = 2147483647;
			files = (
				B5DCAD362851D0F000A49B29 /* AlertDate.swift in Sources */,
				B5DCAD2B2851B14D00A49B29 /* Protocol .swift in Sources */,
				B579A6E4284E04B10047923D /* MainTabBarController.swift in Sources */,
				B5E8456E285343A4001F1900 /* ScheduleColorVC.swift in Sources */,
				B5CE20A3285468FD005B263D /* AlertFriendOrTeacher.swift in Sources */,
				B5F4FAF5284F4DD1000E4355 /* ScheduleTableViewCell.swift in Sources */,
				B579A6F7284E0A940047923D /* ScheduleVC.swift in Sources */,
				B5DCAD3C2851DAE000A49B29 /* AlertForCellName.swift in Sources */,
				B579A6F9284E0AAA0047923D /* TasksVC.swift in Sources */,
				B5CE20A128545D07005B263D /* ContactOptionTableViewController .swift in Sources */,
				B5E8457D28536ABA001F1900 /* ContactsTableViewCell.swift in Sources */,
				B579A6E0284E04B10047923D /* AppDelegate.swift in Sources */,
				B5E8457428534C0D001F1900 /* ColorTableViewCell.swift in Sources */,
				B5B776F2285077D200B2C137 /* UIFont + Extension .swift in Sources */,
				B5E4CDCD28574580004B5E29 /* TaskModel.swift in Sources */,
				B5CE20AF28547DE9005B263D /* StorageManager.swift in Sources */,
				B5E8457A28535A0E001F1900 /* TaskColorTableVC.swift in Sources */,
				B5DCAD382851D85E00A49B29 /* AlertTime.swift in Sources */,
				B5DCAD322851B93300A49B29 /* OptionsTableViewCell.swift in Sources */,
				B5CE20B42855BBA8005B263D /* UIColor + Extension .swift in Sources */,
				B579A6E2284E04B10047923D /* SceneDelegate.swift in Sources */,
				B5DCAD342851BF5D00A49B29 /* HeaderOptionsTableViewCell.swift in Sources */,
				B5B776F02850735B00B2C137 /* UILabel + Extension.swift in Sources */,
				B579A6FB284E0ABE0047923D /* ContactsViewController.swift in Sources */,
				B5F4FAFA284F69B8000E4355 /* UIStackView + Extension.swift in Sources */,
				B5CE20A528547229005B263D /* PhotoCameraAlert.swift in Sources */,
				B5DCAD2E2851B51200A49B29 /* ScheduleOptionsTableViewController.swift in Sources */,
				B5B776F42850814500B2C137 /* TasksTableViewCell.swift in Sources */,
				B5E8457628535223001F1900 /* OptionalTaskTableViewController.swift in Sources */,
				B5CE20AC285479A3005B263D /* ScheduleModel.swift in Sources */,
				B5CE20B62855C6B9005B263D /* AlertOK.swift in Sources */,
				B5E84570285343D8001F1900 /* TeachersTableViewController.swift in Sources */,
				B5D9CB102859AEA400028684 /* ContactModel.swift in Sources */,
			);
			runOnlyForDeploymentPostprocessing = 0;
		};
/* End PBXSourcesBuildPhase section */

/* Begin PBXVariantGroup section */
		B579A6EA284E04B40047923D /* LaunchScreen.storyboard */ = {
			isa = PBXVariantGroup;
			children = (
				B579A6EB284E04B40047923D /* Base */,
			);
			name = LaunchScreen.storyboard;
			sourceTree = "<group>";
		};
/* End PBXVariantGroup section */

/* Begin XCBuildConfiguration section */
		B579A6EE284E04B40047923D /* Debug */ = {
			isa = XCBuildConfiguration;
			buildSettings = {
				ALWAYS_SEARCH_USER_PATHS = NO;
				CLANG_ANALYZER_NONNULL = YES;
				CLANG_ANALYZER_NUMBER_OBJECT_CONVERSION = YES_AGGRESSIVE;
				CLANG_CXX_LANGUAGE_STANDARD = "gnu++17";
				CLANG_CXX_LIBRARY = "libc++";
				CLANG_ENABLE_MODULES = YES;
				CLANG_ENABLE_OBJC_ARC = YES;
				CLANG_ENABLE_OBJC_WEAK = YES;
				CLANG_WARN_BLOCK_CAPTURE_AUTORELEASING = YES;
				CLANG_WARN_BOOL_CONVERSION = YES;
				CLANG_WARN_COMMA = YES;
				CLANG_WARN_CONSTANT_CONVERSION = YES;
				CLANG_WARN_DEPRECATED_OBJC_IMPLEMENTATIONS = YES;
				CLANG_WARN_DIRECT_OBJC_ISA_USAGE = YES_ERROR;
				CLANG_WARN_DOCUMENTATION_COMMENTS = YES;
				CLANG_WARN_EMPTY_BODY = YES;
				CLANG_WARN_ENUM_CONVERSION = YES;
				CLANG_WARN_INFINITE_RECURSION = YES;
				CLANG_WARN_INT_CONVERSION = YES;
				CLANG_WARN_NON_LITERAL_NULL_CONVERSION = YES;
				CLANG_WARN_OBJC_IMPLICIT_RETAIN_SELF = YES;
				CLANG_WARN_OBJC_LITERAL_CONVERSION = YES;
				CLANG_WARN_OBJC_ROOT_CLASS = YES_ERROR;
				CLANG_WARN_QUOTED_INCLUDE_IN_FRAMEWORK_HEADER = YES;
				CLANG_WARN_RANGE_LOOP_ANALYSIS = YES;
				CLANG_WARN_STRICT_PROTOTYPES = YES;
				CLANG_WARN_SUSPICIOUS_MOVE = YES;
				CLANG_WARN_UNGUARDED_AVAILABILITY = YES_AGGRESSIVE;
				CLANG_WARN_UNREACHABLE_CODE = YES;
				CLANG_WARN__DUPLICATE_METHOD_MATCH = YES;
				COPY_PHASE_STRIP = NO;
				DEBUG_INFORMATION_FORMAT = dwarf;
				ENABLE_STRICT_OBJC_MSGSEND = YES;
				ENABLE_TESTABILITY = YES;
				GCC_C_LANGUAGE_STANDARD = gnu11;
				GCC_DYNAMIC_NO_PIC = NO;
				GCC_NO_COMMON_BLOCKS = YES;
				GCC_OPTIMIZATION_LEVEL = 0;
				GCC_PREPROCESSOR_DEFINITIONS = (
					"DEBUG=1",
					"$(inherited)",
				);
				GCC_WARN_64_TO_32_BIT_CONVERSION = YES;
				GCC_WARN_ABOUT_RETURN_TYPE = YES_ERROR;
				GCC_WARN_UNDECLARED_SELECTOR = YES;
				GCC_WARN_UNINITIALIZED_AUTOS = YES_AGGRESSIVE;
				GCC_WARN_UNUSED_FUNCTION = YES;
				GCC_WARN_UNUSED_VARIABLE = YES;
				IPHONEOS_DEPLOYMENT_TARGET = 15.2;
				MTL_ENABLE_DEBUG_INFO = INCLUDE_SOURCE;
				MTL_FAST_MATH = YES;
				ONLY_ACTIVE_ARCH = YES;
				SDKROOT = iphoneos;
				SWIFT_ACTIVE_COMPILATION_CONDITIONS = DEBUG;
				SWIFT_OPTIMIZATION_LEVEL = "-Onone";
			};
			name = Debug;
		};
		B579A6EF284E04B40047923D /* Release */ = {
			isa = XCBuildConfiguration;
			buildSettings = {
				ALWAYS_SEARCH_USER_PATHS = NO;
				CLANG_ANALYZER_NONNULL = YES;
				CLANG_ANALYZER_NUMBER_OBJECT_CONVERSION = YES_AGGRESSIVE;
				CLANG_CXX_LANGUAGE_STANDARD = "gnu++17";
				CLANG_CXX_LIBRARY = "libc++";
				CLANG_ENABLE_MODULES = YES;
				CLANG_ENABLE_OBJC_ARC = YES;
				CLANG_ENABLE_OBJC_WEAK = YES;
				CLANG_WARN_BLOCK_CAPTURE_AUTORELEASING = YES;
				CLANG_WARN_BOOL_CONVERSION = YES;
				CLANG_WARN_COMMA = YES;
				CLANG_WARN_CONSTANT_CONVERSION = YES;
				CLANG_WARN_DEPRECATED_OBJC_IMPLEMENTATIONS = YES;
				CLANG_WARN_DIRECT_OBJC_ISA_USAGE = YES_ERROR;
				CLANG_WARN_DOCUMENTATION_COMMENTS = YES;
				CLANG_WARN_EMPTY_BODY = YES;
				CLANG_WARN_ENUM_CONVERSION = YES;
				CLANG_WARN_INFINITE_RECURSION = YES;
				CLANG_WARN_INT_CONVERSION = YES;
				CLANG_WARN_NON_LITERAL_NULL_CONVERSION = YES;
				CLANG_WARN_OBJC_IMPLICIT_RETAIN_SELF = YES;
				CLANG_WARN_OBJC_LITERAL_CONVERSION = YES;
				CLANG_WARN_OBJC_ROOT_CLASS = YES_ERROR;
				CLANG_WARN_QUOTED_INCLUDE_IN_FRAMEWORK_HEADER = YES;
				CLANG_WARN_RANGE_LOOP_ANALYSIS = YES;
				CLANG_WARN_STRICT_PROTOTYPES = YES;
				CLANG_WARN_SUSPICIOUS_MOVE = YES;
				CLANG_WARN_UNGUARDED_AVAILABILITY = YES_AGGRESSIVE;
				CLANG_WARN_UNREACHABLE_CODE = YES;
				CLANG_WARN__DUPLICATE_METHOD_MATCH = YES;
				COPY_PHASE_STRIP = NO;
				DEBUG_INFORMATION_FORMAT = "dwarf-with-dsym";
				ENABLE_NS_ASSERTIONS = NO;
				ENABLE_STRICT_OBJC_MSGSEND = YES;
				GCC_C_LANGUAGE_STANDARD = gnu11;
				GCC_NO_COMMON_BLOCKS = YES;
				GCC_WARN_64_TO_32_BIT_CONVERSION = YES;
				GCC_WARN_ABOUT_RETURN_TYPE = YES_ERROR;
				GCC_WARN_UNDECLARED_SELECTOR = YES;
				GCC_WARN_UNINITIALIZED_AUTOS = YES_AGGRESSIVE;
				GCC_WARN_UNUSED_FUNCTION = YES;
				GCC_WARN_UNUSED_VARIABLE = YES;
				IPHONEOS_DEPLOYMENT_TARGET = 15.2;
				MTL_ENABLE_DEBUG_INFO = NO;
				MTL_FAST_MATH = YES;
				SDKROOT = iphoneos;
				SWIFT_COMPILATION_MODE = wholemodule;
				SWIFT_OPTIMIZATION_LEVEL = "-O";
				VALIDATE_PRODUCT = YES;
			};
			name = Release;
		};
		B579A6F1284E04B40047923D /* Debug */ = {
			isa = XCBuildConfiguration;
			baseConfigurationReference = 838D7E6AC7497E2E8B4AFB1A /* Pods-MySchedule.debug.xcconfig */;
			buildSettings = {
				ASSETCATALOG_COMPILER_APPICON_NAME = AppIcon;
				ASSETCATALOG_COMPILER_GLOBAL_ACCENT_COLOR_NAME = AccentColor;
				CODE_SIGN_STYLE = Automatic;
				CURRENT_PROJECT_VERSION = 1;
				DEVELOPMENT_TEAM = GQU4PC2XPJ;
				GENERATE_INFOPLIST_FILE = YES;
				INFOPLIST_FILE = MySchedule/Resources/Info.plist;
				INFOPLIST_KEY_UIApplicationSupportsIndirectInputEvents = YES;
				INFOPLIST_KEY_UILaunchStoryboardName = LaunchScreen;
				INFOPLIST_KEY_UISupportedInterfaceOrientations_iPad = "UIInterfaceOrientationPortrait UIInterfaceOrientationPortraitUpsideDown UIInterfaceOrientationLandscapeLeft UIInterfaceOrientationLandscapeRight";
				INFOPLIST_KEY_UISupportedInterfaceOrientations_iPhone = "UIInterfaceOrientationPortrait UIInterfaceOrientationLandscapeLeft UIInterfaceOrientationLandscapeRight";
				LD_RUNPATH_SEARCH_PATHS = (
					"$(inherited)",
					"@executable_path/Frameworks",
				);
				MARKETING_VERSION = 1.0;
				PRODUCT_BUNDLE_IDENTIFIER = "IOS-Maksim.MySchedule";
				PRODUCT_NAME = "$(TARGET_NAME)";
				SWIFT_EMIT_LOC_STRINGS = YES;
				SWIFT_VERSION = 5.0;
				TARGETED_DEVICE_FAMILY = "1,2";
			};
			name = Debug;
		};
		B579A6F2284E04B40047923D /* Release */ = {
			isa = XCBuildConfiguration;
			baseConfigurationReference = 5ECE15FAF5F6FB7C441353A1 /* Pods-MySchedule.release.xcconfig */;
			buildSettings = {
				ASSETCATALOG_COMPILER_APPICON_NAME = AppIcon;
				ASSETCATALOG_COMPILER_GLOBAL_ACCENT_COLOR_NAME = AccentColor;
				CODE_SIGN_STYLE = Automatic;
				CURRENT_PROJECT_VERSION = 1;
				DEVELOPMENT_TEAM = GQU4PC2XPJ;
				GENERATE_INFOPLIST_FILE = YES;
				INFOPLIST_FILE = MySchedule/Resources/Info.plist;
				INFOPLIST_KEY_UIApplicationSupportsIndirectInputEvents = YES;
				INFOPLIST_KEY_UILaunchStoryboardName = LaunchScreen;
				INFOPLIST_KEY_UISupportedInterfaceOrientations_iPad = "UIInterfaceOrientationPortrait UIInterfaceOrientationPortraitUpsideDown UIInterfaceOrientationLandscapeLeft UIInterfaceOrientationLandscapeRight";
				INFOPLIST_KEY_UISupportedInterfaceOrientations_iPhone = "UIInterfaceOrientationPortrait UIInterfaceOrientationLandscapeLeft UIInterfaceOrientationLandscapeRight";
				LD_RUNPATH_SEARCH_PATHS = (
					"$(inherited)",
					"@executable_path/Frameworks",
				);
				MARKETING_VERSION = 1.0;
				PRODUCT_BUNDLE_IDENTIFIER = "IOS-Maksim.MySchedule";
				PRODUCT_NAME = "$(TARGET_NAME)";
				SWIFT_EMIT_LOC_STRINGS = YES;
				SWIFT_VERSION = 5.0;
				TARGETED_DEVICE_FAMILY = "1,2";
			};
			name = Release;
		};
/* End XCBuildConfiguration section */

/* Begin XCConfigurationList section */
		B579A6D7284E04B10047923D /* Build configuration list for PBXProject "MySchedule" */ = {
			isa = XCConfigurationList;
			buildConfigurations = (
				B579A6EE284E04B40047923D /* Debug */,
				B579A6EF284E04B40047923D /* Release */,
			);
			defaultConfigurationIsVisible = 0;
			defaultConfigurationName = Release;
		};
		B579A6F0284E04B40047923D /* Build configuration list for PBXNativeTarget "MySchedule" */ = {
			isa = XCConfigurationList;
			buildConfigurations = (
				B579A6F1284E04B40047923D /* Debug */,
				B579A6F2284E04B40047923D /* Release */,
			);
			defaultConfigurationIsVisible = 0;
			defaultConfigurationName = Release;
		};
/* End XCConfigurationList section */

/* Begin XCRemoteSwiftPackageReference section */
		B5CE20A6285478BF005B263D /* XCRemoteSwiftPackageReference "realm-swift" */ = {
			isa = XCRemoteSwiftPackageReference;
			repositoryURL = "https://github.com/realm/realm-swift";
			requirement = {
				branch = master;
				kind = branch;
			};
		};
/* End XCRemoteSwiftPackageReference section */

/* Begin XCSwiftPackageProductDependency section */
		B5CE20A7285478BF005B263D /* Realm */ = {
			isa = XCSwiftPackageProductDependency;
			package = B5CE20A6285478BF005B263D /* XCRemoteSwiftPackageReference "realm-swift" */;
			productName = Realm;
		};
		B5CE20A9285478BF005B263D /* RealmSwift */ = {
			isa = XCSwiftPackageProductDependency;
			package = B5CE20A6285478BF005B263D /* XCRemoteSwiftPackageReference "realm-swift" */;
			productName = RealmSwift;
		};
/* End XCSwiftPackageProductDependency section */
	};
	rootObject = B579A6D4284E04B10047923D /* Project object */;
}
