{
  "object": {
    "pins": [
      {
        "package": "RealmDatabase",
        "repositoryURL": "https://github.com/realm/realm-core",
        "state": {
          "branch": null,
          "revision": "fd48276f88f3d55dbdcdc9e8cbf32541811d5865",
          "version": "12.1.0"
        }
      },
      {
        "package": "Realm",
        "repositoryURL": "https://github.com/realm/realm-swift",
        "state": {
          "branch": "master",
          "revision": "9f7a605dfcf6a60e019a296dc8d91c3b23837a82",
          "version": null
        }
      }
    ]
  },
  "version": 1
}
